// !$*UTF8*$!
{
	archiveVersion = 1;
	classes = {
	};
	objectVersion = 50;
	objects = {

/* Begin PBXBuildFile section */
		232E0A8F21C2FEAD0071E64A /* AppDelegate.swift in Sources */ = {isa = PBXBuildFile; fileRef = 232E0A8E21C2FEAD0071E64A /* AppDelegate.swift */; };
		232E0A9121C2FEAD0071E64A /* ViewController.swift in Sources */ = {isa = PBXBuildFile; fileRef = 232E0A9021C2FEAD0071E64A /* ViewController.swift */; };
		232E0A9421C2FEAD0071E64A /* Main.storyboard in Resources */ = {isa = PBXBuildFile; fileRef = 232E0A9221C2FEAD0071E64A /* Main.storyboard */; };
		232E0A9621C2FEAD0071E64A /* Assets.xcassets in Resources */ = {isa = PBXBuildFile; fileRef = 232E0A9521C2FEAD0071E64A /* Assets.xcassets */; };
		232E0A9921C2FEAD0071E64A /* LaunchScreen.storyboard in Resources */ = {isa = PBXBuildFile; fileRef = 232E0A9721C2FEAD0071E64A /* LaunchScreen.storyboard */; };
		232E0AA321C303150071E64A /* PopUpWindow.swift in Sources */ = {isa = PBXBuildFile; fileRef = 232E0AA221C303150071E64A /* PopUpWindow.swift */; };
/* End PBXBuildFile section */

/* Begin PBXFileReference section */
		232E0A8B21C2FEAD0071E64A /* PopUpWindow.app */ = {isa = PBXFileReference; explicitFileType = wrapper.application; includeInIndex = 0; path = PopUpWindow.app; sourceTree = BUILT_PRODUCTS_DIR; };
		232E0A8E21C2FEAD0071E64A /* AppDelegate.swift */ = {isa = PBXFileReference; lastKnownFileType = sourcecode.swift; path = AppDelegate.swift; sourceTree = "<group>"; };
		232E0A9021C2FEAD0071E64A /* ViewController.swift */ = {isa = PBXFileReference; lastKnownFileType = sourcecode.swift; path = ViewController.swift; sourceTree = "<group>"; };
		232E0A9321C2FEAD0071E64A /* Base */ = {isa = PBXFileReference; lastKnownFileType = file.storyboard; name = Base; path = Base.lproj/Main.storyboard; sourceTree = "<group>"; };
		232E0A9521C2FEAD0071E64A /* Assets.xcassets */ = {isa = PBXFileReference; lastKnownFileType = folder.assetcatalog; path = Assets.xcassets; sourceTree = "<group>"; };
		232E0A9821C2FEAD0071E64A /* Base */ = {isa = PBXFileReference; lastKnownFileType = file.storyboard; name = Base; path = Base.lproj/LaunchScreen.storyboard; sourceTree = "<group>"; };
		232E0A9A21C2FEAD0071E64A /* Info.plist */ = {isa = PBXFileReference; lastKnownFileType = text.plist.xml; path = Info.plist; sourceTree = "<group>"; };
		232E0AA221C303150071E64A /* PopUpWindow.swift */ = {isa = PBXFileReference; lastKnownFileType = sourcecode.swift; path = PopUpWindow.swift; sourceTree = "<group>"; };
/* End PBXFileReference section */

/* Begin PBXFrameworksBuildPhase section */
		232E0A8821C2FEAD0071E64A /* Frameworks */ = {
			isa = PBXFrameworksBuildPhase;
			buildActionMask = 2147483647;
			files = (
			);
			runOnlyForDeploymentPostprocessing = 0;
		};
/* End PBXFrameworksBuildPhase section */

/* Begin PBXGroup section */
		232E0A8221C2FEAD0071E64A = {
			isa = PBXGroup;
			children = (
				232E0A8D21C2FEAD0071E64A /* PopUpWindow */,
				232E0A8C21C2FEAD0071E64A /* Products */,
			);
			sourceTree = "<group>";
		};
		232E0A8C21C2FEAD0071E64A /* Products */ = {
			isa = PBXGroup;
			children = (
				232E0A8B21C2FEAD0071E64A /* PopUpWindow.app */,
			);
			name = Products;
			sourceTree = "<group>";
		};
		232E0A8D21C2FEAD0071E64A /* PopUpWindow */ = {
			isa = PBXGroup;
			children = (
				232E0A8E21C2FEAD0071E64A /* AppDelegate.swift */,
				232E0A9021C2FEAD0071E64A /* ViewController.swift */,
				232E0A9221C2FEAD0071E64A /* Main.storyboard */,
				232E0A9521C2FEAD0071E64A /* Assets.xcassets */,
				232E0A9721C2FEAD0071E64A /* LaunchScreen.storyboard */,
				232E0A9A21C2FEAD0071E64A /* Info.plist */,
				232E0AA221C303150071E64A /* PopUpWindow.swift */,
			);
			path = PopUpWindow;
			sourceTree = "<group>";
		};
/* End PBXGroup section */

/* Begin PBXNativeTarget section */
		232E0A8A21C2FEAD0071E64A /* PopUpWindow */ = {
			isa = PBXNativeTarget;
			buildConfigurationList = 232E0A9D21C2FEAD0071E64A /* Build configuration list for PBXNativeTarget "PopUpWindow" */;
			buildPhases = (
				232E0A8721C2FEAD0071E64A /* Sources */,
				232E0A8821C2FEAD0071E64A /* Frameworks */,
				232E0A8921C2FEAD0071E64A /* Resources */,
			);
			buildRules = (
			);
			dependencies = (
			);
			name = PopUpWindow;
			productName = PopUpWindow;
			productReference = 232E0A8B21C2FEAD0071E64A /* PopUpWindow.app */;
			productType = "com.apple.product-type.application";
		};
/* End PBXNativeTarget section */

/* Begin PBXProject section */
		232E0A8321C2FEAD0071E64A /* Project object */ = {
			isa = PBXProject;
			attributes = {
				LastSwiftUpdateCheck = 1000;
				LastUpgradeCheck = 1000;
				ORGANIZATIONNAME = "Stephan Dowless";
				TargetAttributes = {
					232E0A8A21C2FEAD0071E64A = {
						CreatedOnToolsVersion = 10.0;
					};
				};
			};
			buildConfigurationList = 232E0A8621C2FEAD0071E64A /* Build configuration list for PBXProject "PopUpWindow" */;
			compatibilityVersion = "Xcode 9.3";
			developmentRegion = en;
			hasScannedForEncodings = 0;
			knownRegions = (
				en,
				Base,
			);
			mainGroup = 232E0A8221C2FEAD0071E64A;
			productRefGroup = 232E0A8C21C2FEAD0071E64A /* Products */;
			projectDirPath = "";
			projectRoot = "";
			targets = (
				232E0A8A21C2FEAD0071E64A /* PopUpWindow */,
			);
		};
/* End PBXProject section */

/* Begin PBXResourcesBuildPhase section */
		232E0A8921C2FEAD0071E64A /* Resources */ = {
			isa = PBXResourcesBuildPhase;
			buildActionMask = 2147483647;
			files = (
				232E0A9921C2FEAD0071E64A /* LaunchScreen.storyboard in Resources */,
				232E0A9621C2FEAD0071E64A /* Assets.xcassets in Resources */,
				232E0A9421C2FEAD0071E64A /* Main.storyboard in Resources */,
			);
			runOnlyForDeploymentPostprocessing = 0;
		};
/* End PBXResourcesBuildPhase section */

/* Begin PBXSourcesBuildPhase section */
		232E0A8721C2FEAD0071E64A /* Sources */ = {
			isa = PBXSourcesBuildPhase;
			buildActionMask = 2147483647;
			files = (
				232E0A9121C2FEAD0071E64A /* ViewController.swift in Sources */,
				232E0A8F21C2FEAD0071E64A /* AppDelegate.swift in Sources */,
				232E0AA321C303150071E64A /* PopUpWindow.swift in Sources */,
			);
			runOnlyForDeploymentPostprocessing = 0;
		};
/* End PBXSourcesBuildPhase section */

/* Begin PBXVariantGroup section */
		232E0A9221C2FEAD0071E64A /* Main.storyboard */ = {
			isa = PBXVariantGroup;
			children = (
				232E0A9321C2FEAD0071E64A /* Base */,
			);
			name = Main.storyboard;
			sourceTree = "<group>";
		};
		232E0A9721C2FEAD0071E64A /* LaunchScreen.storyboard */ = {
			isa = PBXVariantGroup;
			children = (
				232E0A9821C2FEAD0071E64A /* Base */,
			);
			name = LaunchScreen.storyboard;
			sourceTree = "<group>";
		};
/* End PBXVariantGroup section */

/* Begin XCBuildConfiguration section */
		232E0A9B21C2FEAD0071E64A /* Debug */ = {
			isa = XCBuildConfiguration;
			buildSettings = {
				ALWAYS_SEARCH_USER_PATHS = NO;
				CLANG_ANALYZER_NONNULL = YES;
				CLANG_ANALYZER_NUMBER_OBJECT_CONVERSION = YES_AGGRESSIVE;
				CLANG_CXX_LANGUAGE_STANDARD = "gnu++14";
				CLANG_CXX_LIBRARY = "libc++";
				CLANG_ENABLE_MODULES = YES;
				CLANG_ENABLE_OBJC_ARC = YES;
				CLANG_ENABLE_OBJC_WEAK = YES;
				CLANG_WARN_BLOCK_CAPTURE_AUTORELEASING = YES;
				CLANG_WARN_BOOL_CONVERSION = YES;
				CLANG_WARN_COMMA = YES;
				CLANG_WARN_CONSTANT_CONVERSION = YES;
				CLANG_WARN_DEPRECATED_OBJC_IMPLEMENTATIONS = YES;
				CLANG_WARN_DIRECT_OBJC_ISA_USAGE = YES_ERROR;
				CLANG_WARN_DOCUMENTATION_COMMENTS = YES;
				CLANG_WARN_EMPTY_BODY = YES;
				CLANG_WARN_ENUM_CONVERSION = YES;
				CLANG_WARN_INFINITE_RECURSION = YES;
				CLANG_WARN_INT_CONVERSION = YES;
				CLANG_WARN_NON_LITERAL_NULL_CONVERSION = YES;
				CLANG_WARN_OBJC_IMPLICIT_RETAIN_SELF = YES;
				CLANG_WARN_OBJC_LITERAL_CONVERSION = YES;
				CLANG_WARN_OBJC_ROOT_CLASS = YES_ERROR;
				CLANG_WARN_RANGE_LOOP_ANALYSIS = YES;
				CLANG_WARN_STRICT_PROTOTYPES = YES;
				CLANG_WARN_SUSPICIOUS_MOVE = YES;
				CLANG_WARN_UNGUARDED_AVAILABILITY = YES_AGGRESSIVE;
				CLANG_WARN_UNREACHABLE_CODE = YES;
				CLANG_WARN__DUPLICATE_METHOD_MATCH = YES;
				CODE_SIGN_IDENTITY = "iPhone Developer";
				COPY_PHASE_STRIP = NO;
				DEBUG_INFORMATION_FORMAT = dwarf;
				ENABLE_STRICT_OBJC_MSGSEND = YES;
				ENABLE_TESTABILITY = YES;
				GCC_C_LANGUAGE_STANDARD = gnu11;
				GCC_DYNAMIC_NO_PIC = NO;
				GCC_NO_COMMON_BLOCKS = YES;
				GCC_OPTIMIZATION_LEVEL = 0;
				GCC_PREPROCESSOR_DEFINITIONS = (
					"DEBUG=1",
					"$(inherited)",
				);
				GCC_WARN_64_TO_32_BIT_CONVERSION = YES;
				GCC_WARN_ABOUT_RETURN_TYPE = YES_ERROR;
				GCC_WARN_UNDECLARED_SELECTOR = YES;
				GCC_WARN_UNINITIALIZED_AUTOS = YES_AGGRESSIVE;
				GCC_WARN_UNUSED_FUNCTION = YES;
				GCC_WARN_UNUSED_VARIABLE = YES;
				IPHONEOS_DEPLOYMENT_TARGET = 12.0;
				MTL_ENABLE_DEBUG_INFO = INCLUDE_SOURCE;
				MTL_FAST_MATH = YES;
				ONLY_ACTIVE_ARCH = YES;
				SDKROOT = iphoneos;
				SWIFT_ACTIVE_COMPILATION_CONDITIONS = DEBUG;
				SWIFT_OPTIMIZATION_LEVEL = "-Onone";
			};
			name = Debug;
		};
		232E0A9C21C2FEAD0071E64A /* Release */ = {
			isa = XCBuildConfiguration;
			buildSettings = {
				ALWAYS_SEARCH_USER_PATHS = NO;
				CLANG_ANALYZER_NONNULL = YES;
				CLANG_ANALYZER_NUMBER_OBJECT_CONVERSION = YES_AGGRESSIVE;
				CLANG_CXX_LANGUAGE_STANDARD = "gnu++14";
				CLANG_CXX_LIBRARY = "libc++";
				CLANG_ENABLE_MODULES = YES;
				CLANG_ENABLE_OBJC_ARC = YES;
				CLANG_ENABLE_OBJC_WEAK = YES;
				CLANG_WARN_BLOCK_CAPTURE_AUTORELEASING = YES;
				CLANG_WARN_BOOL_CONVERSION = YES;
				CLANG_WARN_COMMA = YES;
				CLANG_WARN_CONSTANT_CONVERSION = YES;
				CLANG_WARN_DEPRECATED_OBJC_IMPLEMENTATIONS = YES;
				CLANG_WARN_DIRECT_OBJC_ISA_USAGE = YES_ERROR;
				CLANG_WARN_DOCUMENTATION_COMMENTS = YES;
				CLANG_WARN_EMPTY_BODY = YES;
				CLANG_WARN_ENUM_CONVERSION = YES;
				CLANG_WARN_INFINITE_RECURSION = YES;
				CLANG_WARN_INT_CONVERSION = YES;
				CLANG_WARN_NON_LITERAL_NULL_CONVERSION = YES;
				CLANG_WARN_OBJC_IMPLICIT_RETAIN_SELF = YES;
				CLANG_WARN_OBJC_LITERAL_CONVERSION = YES;
				CLANG_WARN_OBJC_ROOT_CLASS = YES_ERROR;
				CLANG_WARN_RANGE_LOOP_ANALYSIS = YES;
				CLANG_WARN_STRICT_PROTOTYPES = YES;
				CLANG_WARN_SUSPICIOUS_MOVE = YES;
				CLANG_WARN_UNGUARDED_AVAILABILITY = YES_AGGRESSIVE;
				CLANG_WARN_UNREACHABLE_CODE = YES;
				CLANG_WARN__DUPLICATE_METHOD_MATCH = YES;
				CODE_SIGN_IDENTITY = "iPhone Developer";
				COPY_PHASE_STRIP = NO;
				DEBUG_INFORMATION_FORMAT = "dwarf-with-dsym";
				ENABLE_NS_ASSERTIONS = NO;
				ENABLE_STRICT_OBJC_MSGSEND = YES;
				GCC_C_LANGUAGE_STANDARD = gnu11;
				GCC_NO_COMMON_BLOCKS = YES;
				GCC_WARN_64_TO_32_BIT_CONVERSION = YES;
				GCC_WARN_ABOUT_RETURN_TYPE = YES_ERROR;
				GCC_WARN_UNDECLARED_SELECTOR = YES;
				GCC_WARN_UNINITIALIZED_AUTOS = YES_AGGRESSIVE;
				GCC_WARN_UNUSED_FUNCTION = YES;
				GCC_WARN_UNUSED_VARIABLE = YES;
				IPHONEOS_DEPLOYMENT_TARGET = 12.0;
				MTL_ENABLE_DEBUG_INFO = NO;
				MTL_FAST_MATH = YES;
				SDKROOT = iphoneos;
				SWIFT_COMPILATION_MODE = wholemodule;
				SWIFT_OPTIMIZATION_LEVEL = "-O";
				VALIDATE_PRODUCT = YES;
			};
			name = Release;
		};
		232E0A9E21C2FEAD0071E64A /* Debug */ = {
			isa = XCBuildConfiguration;
			buildSettings = {
				ASSETCATALOG_COMPILER_APPICON_NAME = AppIcon;
				CODE_SIGN_STYLE = Automatic;
				DEVELOPMENT_TEAM = LF78THV97C;
				INFOPLIST_FILE = PopUpWindow/Info.plist;
				LD_RUNPATH_SEARCH_PATHS = (
					"$(inherited)",
					"@executable_path/Frameworks",
				);
				PRODUCT_BUNDLE_IDENTIFIER = com.stephandowless.PopUpWindow;
				PRODUCT_NAME = "$(TARGET_NAME)";
				SWIFT_VERSION = 4.2;
				TARGETED_DEVICE_FAMILY = "1,2";
			};
			name = Debug;
		};
		232E0A9F21C2FEAD0071E64A /* Release */ = {
			isa = XCBuildConfiguration;
			buildSettings = {
				ASSETCATALOG_COMPILER_APPICON_NAME = AppIcon;
				CODE_SIGN_STYLE = Automatic;
				DEVELOPMENT_TEAM = LF78THV97C;
				INFOPLIST_FILE = PopUpWindow/Info.plist;
				LD_RUNPATH_SEARCH_PATHS = (
					"$(inherited)",
					"@executable_path/Frameworks",
				);
				PRODUCT_BUNDLE_IDENTIFIER = com.stephandowless.PopUpWindow;
				PRODUCT_NAME = "$(TARGET_NAME)";
				SWIFT_VERSION = 4.2;
				TARGETED_DEVICE_FAMILY = "1,2";
			};
			name = Release;
		};
/* End XCBuildConfiguration section */

/* Begin XCConfigurationList section */
		232E0A8621C2FEAD0071E64A /* Build configuration list for PBXProject "PopUpWindow" */ = {
			isa = XCConfigurationList;
			buildConfigurations = (
				232E0A9B21C2FEAD0071E64A /* Debug */,
				232E0A9C21C2FEAD0071E64A /* Release */,
			);
			defaultConfigurationIsVisible = 0;
			defaultConfigurationName = Release;
		};
		232E0A9D21C2FEAD0071E64A /* Build configuration list for PBXNativeTarget "PopUpWindow" */ = {
			isa = XCConfigurationList;
			buildConfigurations = (
				232E0A9E21C2FEAD0071E64A /* Debug */,
				232E0A9F21C2FEAD0071E64A /* Release */,
			);
			defaultConfigurationIsVisible = 0;
			defaultConfigurationName = Release;
		};
/* End XCConfigurationList section */
	};
	rootObject = 232E0A8321C2FEAD0071E64A /* Project object */;
}
